<?xml version="1.0" encoding="utf-8"?>
<Project ToolsVersion="4.0" xmlns="http://schemas.microsoft.com/developer/msbuild/2003">
  <ItemGroup>
    <Filter Include="source">
      <UniqueIdentifier>{e21551cf-fe8e-40af-8600-c85d331dcb77}</UniqueIdentifier>
      <Extensions>cpp;c;cxx;def;odl;idl;hpj;bat;asm</Extensions>
    </Filter>
    <Filter Include="include">
      <UniqueIdentifier>{08162941-51d8-441f-80b0-d4901e63af0f}</UniqueIdentifier>
      <Extensions>h;hpp;hxx;hm;inl;inc</Extensions>
    </Filter>
    <Filter Include="resource">
      <UniqueIdentifier>{953b8a81-d3f6-46ba-9c8d-4857f73b2d8c}</UniqueIdentifier>
      <Extensions>rc;ico;cur;bmp;dlg;rc2;rct;bin;rgs;jpg;jpeg;jpe;png;manifest</Extensions>
    </Filter>
  </ItemGroup>
  <ItemGroup>
    <None Include="res\SpaceVikings.ico">
      <Filter>resource</Filter>
    </None>
    <None Include="..\Resources\CloseSelected.png">
      <Filter>resource</Filter>
    </None>
    <None Include="..\Resources\CloseNormal.png">
      <Filter>resource</Filter>
    </None>
    <None Include="..\Resources\HelloWorld.png">
      <Filter>resource</Filter>
    </None>
    <None Include="..\Resources\CS.TTF">
      <Filter>resource</Filter>
    </None>
    <None Include="..\Resources\Level1\playership_v3.png">
      <Filter>resource</Filter>
    </None>
  </ItemGroup>
  <ItemGroup>
    <ResourceCompile Include="SpaceVikings.rc">
      <Filter>resource</Filter>
    </ResourceCompile>
  </ItemGroup>
  <ItemGroup>
    <ClInclude Include="resource.h">
      <Filter>include</Filter>
    </ClInclude>
    <ClInclude Include="main.h">
      <Filter>include</Filter>
    </ClInclude>
    <ClInclude Include="..\Classes\AppDelegate.h">
      <Filter>include</Filter>
    </ClInclude>
    <ClInclude Include="..\Classes\Enemy.h">
      <Filter>include</Filter>
    </ClInclude>
    <ClInclude Include="..\Classes\Projectile.h">
      <Filter>include</Filter>
    </ClInclude>
    <ClInclude Include="..\Classes\Player.h">
      <Filter>include</Filter>
    </ClInclude>
    <ClInclude Include="..\Classes\Level.h">
      <Filter>include</Filter>
    </ClInclude>
    <ClInclude Include="..\Classes\SpaceScene.h">
      <Filter>include</Filter>
    </ClInclude>
    <ClInclude Include="..\Classes\Credits.h">
      <Filter>include</Filter>
    </ClInclude>
    <ClInclude Include="..\Classes\HelloWorldScene.h">
      <Filter>include</Filter>
    </ClInclude>
    <ClInclude Include="..\Classes\InstructionsScene.h">
      <Filter>include</Filter>
    </ClInclude>
    <ClInclude Include="..\Classes\OptionsMenu.h">
      <Filter>include</Filter>
    </ClInclude>
    <ClInclude Include="..\Classes\Taco.h">
      <Filter>include</Filter>
    </ClInclude>
    <ClInclude Include="..\Classes\GameOptions.h">
      <Filter>include</Filter>
    </ClInclude>
    <ClInclude Include="..\Classes\Upgrades.h">
      <Filter>include</Filter>
    </ClInclude>
    <ClInclude Include="..\Classes\StartScene.h">
      <Filter>include</Filter>
    </ClInclude>
    <ClInclude Include="..\Classes\SplashScene.h">
      <Filter>include</Filter>
    </ClInclude>
  </ItemGroup>
  <ItemGroup>
    <ClCompile Include="main.cpp">
      <Filter>source</Filter>
    </ClCompile>
    <ClCompile Include="..\Classes\AppDelegate.cpp">
      <Filter>source</Filter>
    </ClCompile>
    <ClCompile Include="..\Classes\Enemy.cpp">
      <Filter>source</Filter>
    </ClCompile>
    <ClCompile Include="..\Classes\Projectile.cpp">
      <Filter>source</Filter>
    </ClCompile>
    <ClCompile Include="..\Classes\Player.cpp">
      <Filter>source</Filter>
    </ClCompile>
    <ClCompile Include="..\Classes\Level.cpp">
      <Filter>source</Filter>
    </ClCompile>
    <ClCompile Include="..\Classes\SpaceScene.cpp">
      <Filter>source</Filter>
    </ClCompile>
    <ClCompile Include="..\Classes\OptionsMenu.cpp">
      <Filter>source</Filter>
    </ClCompile>
    <ClCompile Include="..\Classes\Taco.cpp">
      <Filter>source</Filter>
    </ClCompile>
    <ClCompile Include="..\Classes\Credits.cpp">
      <Filter>source</Filter>
    </ClCompile>
    <ClCompile Include="..\Classes\HelloWorldScene.cpp">
      <Filter>source</Filter>
    </ClCompile>
    <ClCompile Include="..\Classes\InstructionsScene.cpp">
      <Filter>source</Filter>
    </ClCompile>
    <ClCompile Include="..\Classes\GameOptions.cpp">
      <Filter>source</Filter>
    </ClCompile>
    <ClCompile Include="..\Classes\Upgrades.cpp">
      <Filter>source</Filter>
    </ClCompile>
    <ClCompile Include="..\Classes\StartScene.cpp">
      <Filter>source</Filter>
    </ClCompile>
    <ClCompile Include="..\Classes\SplashScene.cpp">
      <Filter>source</Filter>
    </ClCompile>
  </ItemGroup>
</Project>